
Microsoft Visual Studio Solution File, Format Version 12.00
# Visual Studio Version 17
VisualStudioVersion = 17.4.33213.308
MinimumVisualStudioVersion = 10.0.40219.1
Project("{FAE04EC0-301F-11D3-BF4B-00C04F79EFBC}") = "BlockbusterRentals", "BlockbusterRentals\BlockbusterRentals.csproj", "{5E5E04C4-A326-4131-92AC-63D1A05902E3}"
EndProject
Global
	GlobalSection(SolutionConfigurationPlatforms) = preSolution
		Debug|Any CPU = Debug|Any CPU
		Release|Any CPU = Release|Any CPU
	EndGlobalSection
	GlobalSection(ProjectConfigurationPlatforms) = postSolution
		{5E5E04C4-A326-4131-92AC-63D1A05902E3}.Debug|Any CPU.ActiveCfg = Debug|Any CPU
		{5E5E04C4-A326-4131-92AC-63D1A05902E3}.Debug|Any CPU.Build.0 = Debug|Any CPU
		{5E5E04C4-A326-4131-92AC-63D1A05902E3}.Release|Any CPU.ActiveCfg = Release|Any CPU
		{5E5E04C4-A326-4131-92AC-63D1A05902E3}.Release|Any CPU.Build.0 = Release|Any CPU
	EndGlobalSection
	GlobalSection(SolutionProperties) = preSolution
		HideSolutionNode = FALSE
	EndGlobalSection
	GlobalSection(ExtensibilityGlobals) = postSolution
		SolutionGuid = {BA5080F2-9617-4A7A-97FB-29B911CF23D0}
	EndGlobalSection
EndGlobal
